
Microsoft Visual Studio Solution File, Format Version 12.00
# Visual Studio Version 16
VisualStudioVersion = 16.0.31613.86
MinimumVisualStudioVersion = 10.0.40219.1
Project("{FAE04EC0-301F-11D3-BF4B-00C04F79EFBC}") = "PracticaFormulariosTarea1", "PracticaFormulariosTarea1\PracticaFormulariosTarea1.csproj", "{D872C914-684B-48C1-9288-B86A82F3897C}"
EndProject
Global
	GlobalSection(SolutionConfigurationPlatforms) = preSolution
		Debug|Any CPU = Debug|Any CPU
		Release|Any CPU = Release|Any CPU
	EndGlobalSection
	GlobalSection(ProjectConfigurationPlatforms) = postSolution
		{D872C914-684B-48C1-9288-B86A82F3897C}.Debug|Any CPU.ActiveCfg = Debug|Any CPU
		{D872C914-684B-48C1-9288-B86A82F3897C}.Debug|Any CPU.Build.0 = Debug|Any CPU
		{D872C914-684B-48C1-9288-B86A82F3897C}.Release|Any CPU.ActiveCfg = Release|Any CPU
		{D872C914-684B-48C1-9288-B86A82F3897C}.Release|Any CPU.Build.0 = Release|Any CPU
	EndGlobalSection
	GlobalSection(SolutionProperties) = preSolution
		HideSolutionNode = FALSE
	EndGlobalSection
	GlobalSection(ExtensibilityGlobals) = postSolution
		SolutionGuid = {54628A5B-60B6-4686-9240-43FE4B3CF12C}
	EndGlobalSection
EndGlobal
