
Microsoft Visual Studio Solution File, Format Version 12.00
# Visual Studio Version 16
VisualStudioVersion = 16.0.31613.86
MinimumVisualStudioVersion = 10.0.40219.1
Project("{FAE04EC0-301F-11D3-BF4B-00C04F79EFBC}") = "Formulario1Prueba", "Formulario1Prueba\Formulario1Prueba.csproj", "{955ED215-1293-41DB-8BAF-3B81161F1DCF}"
EndProject
Global
	GlobalSection(SolutionConfigurationPlatforms) = preSolution
		Debug|Any CPU = Debug|Any CPU
		Release|Any CPU = Release|Any CPU
	EndGlobalSection
	GlobalSection(ProjectConfigurationPlatforms) = postSolution
		{955ED215-1293-41DB-8BAF-3B81161F1DCF}.Debug|Any CPU.ActiveCfg = Debug|Any CPU
		{955ED215-1293-41DB-8BAF-3B81161F1DCF}.Debug|Any CPU.Build.0 = Debug|Any CPU
		{955ED215-1293-41DB-8BAF-3B81161F1DCF}.Release|Any CPU.ActiveCfg = Release|Any CPU
		{955ED215-1293-41DB-8BAF-3B81161F1DCF}.Release|Any CPU.Build.0 = Release|Any CPU
	EndGlobalSection
	GlobalSection(SolutionProperties) = preSolution
		HideSolutionNode = FALSE
	EndGlobalSection
	GlobalSection(ExtensibilityGlobals) = postSolution
		SolutionGuid = {2BB9AF80-04BA-4616-AADA-F3B28B313805}
	EndGlobalSection
EndGlobal
